
Microsoft Visual Studio Solution File, Format Version 12.00
# Visual Studio Version 17
VisualStudioVersion = 17.2.32630.192
MinimumVisualStudioVersion = 10.0.40219.1
Project("{9A19103F-16F7-4668-BE54-9A1E7A4F7556}") = "MatrixAvxLib", "MatrixLib\MatrixAvxLib\MatrixAvxLib.csproj", "{DCC64DB8-D55D-4939-BD7A-353AB324D04E}"
EndProject
Project("{FAE04EC0-301F-11D3-BF4B-00C04F79EFBC}") = "NeuroLib", "NeuroLib\NeuroLib.csproj", "{86709759-7061-4860-8B55-78E2DAA3B610}"
EndProject
Project("{FAE04EC0-301F-11D3-BF4B-00C04F79EFBC}") = "NeuroLibTest", "NeuroLibTest\NeuroLibTest.csproj", "{13CB625D-6EB8-46A7-B969-44B35238AD95}"
EndProject
Project("{FAE04EC0-301F-11D3-BF4B-00C04F79EFBC}") = "MatrixLib", "MatrixLib\MatrixLib\MatrixLib.csproj", "{DA736364-7FD3-4BA1-B8D5-F3638E5B6EBC}"
EndProject
Project("{8BC9CEB8-8B4A-11D0-8D11-00A0C91BC942}") = "NeuroLibKernels", "NeuroLibKernels\NeuroLibKernels.vcxproj", "{D238FA6A-071C-42D2-AB6F-901D4B6D491D}"
EndProject
Project("{FAE04EC0-301F-11D3-BF4B-00C04F79EFBC}") = "BinaryReaderWriterExtension", "BinaryReaderWriterExtension\BinaryReaderWriterExtension\BinaryReaderWriterExtension.csproj", "{356BEAEB-128B-429D-866A-3DF63446909C}"
EndProject
Project("{FAE04EC0-301F-11D3-BF4B-00C04F79EFBC}") = "BinaryReaderWriterExtensionTests", "BinaryReaderWriterExtension\BinaryReaderWriterExtensionTests\BinaryReaderWriterExtensionTests.csproj", "{ECD75906-DBC2-47C0-A497-A29BC2B43223}"
EndProject
Global
	GlobalSection(SolutionConfigurationPlatforms) = preSolution
		Debug|Any CPU = Debug|Any CPU
		Debug|x64 = Debug|x64
		Release|Any CPU = Release|Any CPU
		Release|x64 = Release|x64
	EndGlobalSection
	GlobalSection(ProjectConfigurationPlatforms) = postSolution
		{DCC64DB8-D55D-4939-BD7A-353AB324D04E}.Debug|Any CPU.ActiveCfg = Debug|Any CPU
		{DCC64DB8-D55D-4939-BD7A-353AB324D04E}.Debug|Any CPU.Build.0 = Debug|Any CPU
		{DCC64DB8-D55D-4939-BD7A-353AB324D04E}.Debug|x64.ActiveCfg = Debug|Any CPU
		{DCC64DB8-D55D-4939-BD7A-353AB324D04E}.Debug|x64.Build.0 = Debug|Any CPU
		{DCC64DB8-D55D-4939-BD7A-353AB324D04E}.Release|Any CPU.ActiveCfg = Release|Any CPU
		{DCC64DB8-D55D-4939-BD7A-353AB324D04E}.Release|Any CPU.Build.0 = Release|Any CPU
		{DCC64DB8-D55D-4939-BD7A-353AB324D04E}.Release|x64.ActiveCfg = Release|Any CPU
		{DCC64DB8-D55D-4939-BD7A-353AB324D04E}.Release|x64.Build.0 = Release|Any CPU
		{86709759-7061-4860-8B55-78E2DAA3B610}.Debug|Any CPU.ActiveCfg = Debug|Any CPU
		{86709759-7061-4860-8B55-78E2DAA3B610}.Debug|Any CPU.Build.0 = Debug|Any CPU
		{86709759-7061-4860-8B55-78E2DAA3B610}.Debug|x64.ActiveCfg = Debug|Any CPU
		{86709759-7061-4860-8B55-78E2DAA3B610}.Debug|x64.Build.0 = Debug|Any CPU
		{86709759-7061-4860-8B55-78E2DAA3B610}.Release|Any CPU.ActiveCfg = Release|Any CPU
		{86709759-7061-4860-8B55-78E2DAA3B610}.Release|Any CPU.Build.0 = Release|Any CPU
		{86709759-7061-4860-8B55-78E2DAA3B610}.Release|x64.ActiveCfg = Release|Any CPU
		{86709759-7061-4860-8B55-78E2DAA3B610}.Release|x64.Build.0 = Release|Any CPU
		{13CB625D-6EB8-46A7-B969-44B35238AD95}.Debug|Any CPU.ActiveCfg = Debug|Any CPU
		{13CB625D-6EB8-46A7-B969-44B35238AD95}.Debug|Any CPU.Build.0 = Debug|Any CPU
		{13CB625D-6EB8-46A7-B969-44B35238AD95}.Debug|x64.ActiveCfg = Debug|Any CPU
		{13CB625D-6EB8-46A7-B969-44B35238AD95}.Debug|x64.Build.0 = Debug|Any CPU
		{13CB625D-6EB8-46A7-B969-44B35238AD95}.Release|Any CPU.ActiveCfg = Release|Any CPU
		{13CB625D-6EB8-46A7-B969-44B35238AD95}.Release|Any CPU.Build.0 = Release|Any CPU
		{13CB625D-6EB8-46A7-B969-44B35238AD95}.Release|x64.ActiveCfg = Release|Any CPU
		{13CB625D-6EB8-46A7-B969-44B35238AD95}.Release|x64.Build.0 = Release|Any CPU
		{DA736364-7FD3-4BA1-B8D5-F3638E5B6EBC}.Debug|Any CPU.ActiveCfg = Debug|Any CPU
		{DA736364-7FD3-4BA1-B8D5-F3638E5B6EBC}.Debug|Any CPU.Build.0 = Debug|Any CPU
		{DA736364-7FD3-4BA1-B8D5-F3638E5B6EBC}.Debug|x64.ActiveCfg = Debug|Any CPU
		{DA736364-7FD3-4BA1-B8D5-F3638E5B6EBC}.Debug|x64.Build.0 = Debug|Any CPU
		{DA736364-7FD3-4BA1-B8D5-F3638E5B6EBC}.Release|Any CPU.ActiveCfg = Release|Any CPU
		{DA736364-7FD3-4BA1-B8D5-F3638E5B6EBC}.Release|Any CPU.Build.0 = Release|Any CPU
		{DA736364-7FD3-4BA1-B8D5-F3638E5B6EBC}.Release|x64.ActiveCfg = Release|Any CPU
		{DA736364-7FD3-4BA1-B8D5-F3638E5B6EBC}.Release|x64.Build.0 = Release|Any CPU
		{D238FA6A-071C-42D2-AB6F-901D4B6D491D}.Debug|Any CPU.ActiveCfg = Debug|x64
		{D238FA6A-071C-42D2-AB6F-901D4B6D491D}.Debug|Any CPU.Build.0 = Debug|x64
		{D238FA6A-071C-42D2-AB6F-901D4B6D491D}.Debug|x64.ActiveCfg = Debug|x64
		{D238FA6A-071C-42D2-AB6F-901D4B6D491D}.Debug|x64.Build.0 = Debug|x64
		{D238FA6A-071C-42D2-AB6F-901D4B6D491D}.Release|Any CPU.ActiveCfg = Release|x64
		{D238FA6A-071C-42D2-AB6F-901D4B6D491D}.Release|Any CPU.Build.0 = Release|x64
		{D238FA6A-071C-42D2-AB6F-901D4B6D491D}.Release|x64.ActiveCfg = Release|x64
		{D238FA6A-071C-42D2-AB6F-901D4B6D491D}.Release|x64.Build.0 = Release|x64
		{356BEAEB-128B-429D-866A-3DF63446909C}.Debug|Any CPU.ActiveCfg = Debug|Any CPU
		{356BEAEB-128B-429D-866A-3DF63446909C}.Debug|Any CPU.Build.0 = Debug|Any CPU
		{356BEAEB-128B-429D-866A-3DF63446909C}.Debug|x64.ActiveCfg = Debug|Any CPU
		{356BEAEB-128B-429D-866A-3DF63446909C}.Debug|x64.Build.0 = Debug|Any CPU
		{356BEAEB-128B-429D-866A-3DF63446909C}.Release|Any CPU.ActiveCfg = Release|Any CPU
		{356BEAEB-128B-429D-866A-3DF63446909C}.Release|Any CPU.Build.0 = Release|Any CPU
		{356BEAEB-128B-429D-866A-3DF63446909C}.Release|x64.ActiveCfg = Release|Any CPU
		{356BEAEB-128B-429D-866A-3DF63446909C}.Release|x64.Build.0 = Release|Any CPU
		{ECD75906-DBC2-47C0-A497-A29BC2B43223}.Debug|Any CPU.ActiveCfg = Debug|Any CPU
		{ECD75906-DBC2-47C0-A497-A29BC2B43223}.Debug|Any CPU.Build.0 = Debug|Any CPU
		{ECD75906-DBC2-47C0-A497-A29BC2B43223}.Debug|x64.ActiveCfg = Debug|Any CPU
		{ECD75906-DBC2-47C0-A497-A29BC2B43223}.Debug|x64.Build.0 = Debug|Any CPU
		{ECD75906-DBC2-47C0-A497-A29BC2B43223}.Release|Any CPU.ActiveCfg = Release|Any CPU
		{ECD75906-DBC2-47C0-A497-A29BC2B43223}.Release|Any CPU.Build.0 = Release|Any CPU
		{ECD75906-DBC2-47C0-A497-A29BC2B43223}.Release|x64.ActiveCfg = Release|Any CPU
		{ECD75906-DBC2-47C0-A497-A29BC2B43223}.Release|x64.Build.0 = Release|Any CPU
	EndGlobalSection
	GlobalSection(SolutionProperties) = preSolution
		HideSolutionNode = FALSE
	EndGlobalSection
	GlobalSection(ExtensibilityGlobals) = postSolution
		SolutionGuid = {AFB13B0F-F134-4402-BC27-DC7D71DBCD14}
	EndGlobalSection
EndGlobal
